
Microsoft Visual Studio Solution File, Format Version 12.00
# Visual Studio Version 16
VisualStudioVersion = 16.0.31605.320
MinimumVisualStudioVersion = 10.0.40219.1
Project("{8BC9CEB8-8B4A-11D0-8D11-00A0C91BC942}") = "week6 method 2", "week6 method 2\week6 method 2.vcxproj", "{6E566766-4F03-413C-934D-E3A15AF95EB1}"
EndProject
Global
	GlobalSection(SolutionConfigurationPlatforms) = preSolution
		Debug|x64 = Debug|x64
		Debug|x86 = Debug|x86
		Release|x64 = Release|x64
		Release|x86 = Release|x86
	EndGlobalSection
	GlobalSection(ProjectConfigurationPlatforms) = postSolution
		{6E566766-4F03-413C-934D-E3A15AF95EB1}.Debug|x64.ActiveCfg = Debug|x64
		{6E566766-4F03-413C-934D-E3A15AF95EB1}.Debug|x64.Build.0 = Debug|x64
		{6E566766-4F03-413C-934D-E3A15AF95EB1}.Debug|x86.ActiveCfg = Debug|Win32
		{6E566766-4F03-413C-934D-E3A15AF95EB1}.Debug|x86.Build.0 = Debug|Win32
		{6E566766-4F03-413C-934D-E3A15AF95EB1}.Release|x64.ActiveCfg = Release|x64
		{6E566766-4F03-413C-934D-E3A15AF95EB1}.Release|x64.Build.0 = Release|x64
		{6E566766-4F03-413C-934D-E3A15AF95EB1}.Release|x86.ActiveCfg = Release|Win32
		{6E566766-4F03-413C-934D-E3A15AF95EB1}.Release|x86.Build.0 = Release|Win32
	EndGlobalSection
	GlobalSection(SolutionProperties) = preSolution
		HideSolutionNode = FALSE
	EndGlobalSection
	GlobalSection(ExtensibilityGlobals) = postSolution
		SolutionGuid = {EC6088BE-3208-4B67-8EFE-4167EE11E210}
	EndGlobalSection
EndGlobal
